
Microsoft Visual Studio Solution File, Format Version 12.00
# Visual Studio 15
VisualStudioVersion = 15.0.27130.2003
MinimumVisualStudioVersion = 10.0.40219.1
Project("{FAE04EC0-301F-11D3-BF4B-00C04F79EFBC}") = "BillaSkill", "BillaSkill\BillaSkill.csproj", "{852EC715-ED8E-4341-BB9C-2E9CC246FA1F}"
EndProject
Global
	GlobalSection(SolutionConfigurationPlatforms) = preSolution
		Debug|Any CPU = Debug|Any CPU
		Release|Any CPU = Release|Any CPU
	EndGlobalSection
	GlobalSection(ProjectConfigurationPlatforms) = postSolution
		{852EC715-ED8E-4341-BB9C-2E9CC246FA1F}.Debug|Any CPU.ActiveCfg = Debug|Any CPU
		{852EC715-ED8E-4341-BB9C-2E9CC246FA1F}.Debug|Any CPU.Build.0 = Debug|Any CPU
		{852EC715-ED8E-4341-BB9C-2E9CC246FA1F}.Release|Any CPU.ActiveCfg = Release|Any CPU
		{852EC715-ED8E-4341-BB9C-2E9CC246FA1F}.Release|Any CPU.Build.0 = Release|Any CPU
	EndGlobalSection
	GlobalSection(SolutionProperties) = preSolution
		HideSolutionNode = FALSE
	EndGlobalSection
	GlobalSection(ExtensibilityGlobals) = postSolution
		SolutionGuid = {D18C266D-FDA0-4865-BDB1-A37E93813604}
	EndGlobalSection
EndGlobal
